
Microsoft Visual Studio Solution File, Format Version 12.00
# Visual Studio 15
VisualStudioVersion = 15.0.26124.0
MinimumVisualStudioVersion = 15.0.26124.0
Project("{2150E333-8FDC-42A3-9474-1A3956D46DE8}") = "tools", "tools", "{47039BAE-B90F-4428-AC70-D868820242F2}"
EndProject
Project("{F2A71F9B-5D33-465A-A702-920D77279786}") = "Fabulous.iOS.Generator", "tools\Fabulous.iOS.Generator\Fabulous.iOS.Generator.fsproj", "{0C6DB2F5-C7C8-4747-84C1-8D38EA658C1B}"
EndProject
Project("{F2A71F9B-5D33-465A-A702-920D77279786}") = "Fabulous.iOS", "src\Fabulous.iOS\Fabulous.iOS.fsproj", "{173625DD-B7A3-4575-B9E0-6E190C01E642}"
EndProject
Project("{2150E333-8FDC-42A3-9474-1A3956D46DE8}") = "samples", "samples", "{F14CBA07-9B1D-4A3C-8727-B0AD9BB8C8B1}"
EndProject
Project("{F2A71F9B-5D33-465A-A702-920D77279786}") = "CounterApp", "samples\CounterApp\CounterApp.fsproj", "{073AD301-5CB3-487E-9C7C-9F9C8EA1EB13}"
EndProject
Global
	GlobalSection(SolutionConfigurationPlatforms) = preSolution
		Debug|Any CPU = Debug|Any CPU
		Debug|x64 = Debug|x64
		Debug|x86 = Debug|x86
		Release|Any CPU = Release|Any CPU
		Release|x64 = Release|x64
		Release|x86 = Release|x86
		Debug|iPhoneSimulator = Debug|iPhoneSimulator
		Release|iPhone = Release|iPhone
		Release|iPhoneSimulator = Release|iPhoneSimulator
		Debug|iPhone = Debug|iPhone
	EndGlobalSection
	GlobalSection(SolutionProperties) = preSolution
		HideSolutionNode = FALSE
	EndGlobalSection
	GlobalSection(ProjectConfigurationPlatforms) = postSolution
		{0C6DB2F5-C7C8-4747-84C1-8D38EA658C1B}.Debug|Any CPU.ActiveCfg = Debug|Any CPU
		{0C6DB2F5-C7C8-4747-84C1-8D38EA658C1B}.Debug|Any CPU.Build.0 = Debug|Any CPU
		{0C6DB2F5-C7C8-4747-84C1-8D38EA658C1B}.Debug|x64.ActiveCfg = Debug|Any CPU
		{0C6DB2F5-C7C8-4747-84C1-8D38EA658C1B}.Debug|x64.Build.0 = Debug|Any CPU
		{0C6DB2F5-C7C8-4747-84C1-8D38EA658C1B}.Debug|x86.ActiveCfg = Debug|Any CPU
		{0C6DB2F5-C7C8-4747-84C1-8D38EA658C1B}.Debug|x86.Build.0 = Debug|Any CPU
		{0C6DB2F5-C7C8-4747-84C1-8D38EA658C1B}.Release|Any CPU.ActiveCfg = Release|Any CPU
		{0C6DB2F5-C7C8-4747-84C1-8D38EA658C1B}.Release|Any CPU.Build.0 = Release|Any CPU
		{0C6DB2F5-C7C8-4747-84C1-8D38EA658C1B}.Release|x64.ActiveCfg = Release|Any CPU
		{0C6DB2F5-C7C8-4747-84C1-8D38EA658C1B}.Release|x64.Build.0 = Release|Any CPU
		{0C6DB2F5-C7C8-4747-84C1-8D38EA658C1B}.Release|x86.ActiveCfg = Release|Any CPU
		{0C6DB2F5-C7C8-4747-84C1-8D38EA658C1B}.Release|x86.Build.0 = Release|Any CPU
		{0C6DB2F5-C7C8-4747-84C1-8D38EA658C1B}.Debug|iPhoneSimulator.ActiveCfg = Debug|Any CPU
		{0C6DB2F5-C7C8-4747-84C1-8D38EA658C1B}.Debug|iPhoneSimulator.Build.0 = Debug|Any CPU
		{0C6DB2F5-C7C8-4747-84C1-8D38EA658C1B}.Release|iPhone.ActiveCfg = Release|Any CPU
		{0C6DB2F5-C7C8-4747-84C1-8D38EA658C1B}.Release|iPhone.Build.0 = Release|Any CPU
		{0C6DB2F5-C7C8-4747-84C1-8D38EA658C1B}.Release|iPhoneSimulator.ActiveCfg = Release|Any CPU
		{0C6DB2F5-C7C8-4747-84C1-8D38EA658C1B}.Release|iPhoneSimulator.Build.0 = Release|Any CPU
		{0C6DB2F5-C7C8-4747-84C1-8D38EA658C1B}.Debug|iPhone.ActiveCfg = Debug|Any CPU
		{0C6DB2F5-C7C8-4747-84C1-8D38EA658C1B}.Debug|iPhone.Build.0 = Debug|Any CPU
		{173625DD-B7A3-4575-B9E0-6E190C01E642}.Debug|Any CPU.ActiveCfg = Debug|Any CPU
		{173625DD-B7A3-4575-B9E0-6E190C01E642}.Debug|Any CPU.Build.0 = Debug|Any CPU
		{173625DD-B7A3-4575-B9E0-6E190C01E642}.Debug|x64.ActiveCfg = Debug|Any CPU
		{173625DD-B7A3-4575-B9E0-6E190C01E642}.Debug|x64.Build.0 = Debug|Any CPU
		{173625DD-B7A3-4575-B9E0-6E190C01E642}.Debug|x86.ActiveCfg = Debug|Any CPU
		{173625DD-B7A3-4575-B9E0-6E190C01E642}.Debug|x86.Build.0 = Debug|Any CPU
		{173625DD-B7A3-4575-B9E0-6E190C01E642}.Release|Any CPU.ActiveCfg = Release|Any CPU
		{173625DD-B7A3-4575-B9E0-6E190C01E642}.Release|Any CPU.Build.0 = Release|Any CPU
		{173625DD-B7A3-4575-B9E0-6E190C01E642}.Release|x64.ActiveCfg = Release|Any CPU
		{173625DD-B7A3-4575-B9E0-6E190C01E642}.Release|x64.Build.0 = Release|Any CPU
		{173625DD-B7A3-4575-B9E0-6E190C01E642}.Release|x86.ActiveCfg = Release|Any CPU
		{173625DD-B7A3-4575-B9E0-6E190C01E642}.Release|x86.Build.0 = Release|Any CPU
		{173625DD-B7A3-4575-B9E0-6E190C01E642}.Debug|iPhoneSimulator.ActiveCfg = Debug|Any CPU
		{173625DD-B7A3-4575-B9E0-6E190C01E642}.Debug|iPhoneSimulator.Build.0 = Debug|Any CPU
		{173625DD-B7A3-4575-B9E0-6E190C01E642}.Release|iPhone.ActiveCfg = Release|Any CPU
		{173625DD-B7A3-4575-B9E0-6E190C01E642}.Release|iPhone.Build.0 = Release|Any CPU
		{173625DD-B7A3-4575-B9E0-6E190C01E642}.Release|iPhoneSimulator.ActiveCfg = Release|Any CPU
		{173625DD-B7A3-4575-B9E0-6E190C01E642}.Release|iPhoneSimulator.Build.0 = Release|Any CPU
		{173625DD-B7A3-4575-B9E0-6E190C01E642}.Debug|iPhone.ActiveCfg = Debug|Any CPU
		{173625DD-B7A3-4575-B9E0-6E190C01E642}.Debug|iPhone.Build.0 = Debug|Any CPU
		{073AD301-5CB3-487E-9C7C-9F9C8EA1EB13}.Debug|Any CPU.ActiveCfg = Debug|Any CPU
		{073AD301-5CB3-487E-9C7C-9F9C8EA1EB13}.Debug|Any CPU.Build.0 = Debug|Any CPU
		{073AD301-5CB3-487E-9C7C-9F9C8EA1EB13}.Debug|x64.ActiveCfg = Debug|Any CPU
		{073AD301-5CB3-487E-9C7C-9F9C8EA1EB13}.Debug|x64.Build.0 = Debug|Any CPU
		{073AD301-5CB3-487E-9C7C-9F9C8EA1EB13}.Debug|x86.ActiveCfg = Debug|Any CPU
		{073AD301-5CB3-487E-9C7C-9F9C8EA1EB13}.Debug|x86.Build.0 = Debug|Any CPU
		{073AD301-5CB3-487E-9C7C-9F9C8EA1EB13}.Release|Any CPU.ActiveCfg = Release|Any CPU
		{073AD301-5CB3-487E-9C7C-9F9C8EA1EB13}.Release|Any CPU.Build.0 = Release|Any CPU
		{073AD301-5CB3-487E-9C7C-9F9C8EA1EB13}.Release|x64.ActiveCfg = Release|Any CPU
		{073AD301-5CB3-487E-9C7C-9F9C8EA1EB13}.Release|x64.Build.0 = Release|Any CPU
		{073AD301-5CB3-487E-9C7C-9F9C8EA1EB13}.Release|x86.ActiveCfg = Release|Any CPU
		{073AD301-5CB3-487E-9C7C-9F9C8EA1EB13}.Release|x86.Build.0 = Release|Any CPU
		{073AD301-5CB3-487E-9C7C-9F9C8EA1EB13}.Debug|iPhoneSimulator.ActiveCfg = Debug|Any CPU
		{073AD301-5CB3-487E-9C7C-9F9C8EA1EB13}.Debug|iPhoneSimulator.Build.0 = Debug|Any CPU
		{073AD301-5CB3-487E-9C7C-9F9C8EA1EB13}.Release|iPhone.ActiveCfg = Release|Any CPU
		{073AD301-5CB3-487E-9C7C-9F9C8EA1EB13}.Release|iPhone.Build.0 = Release|Any CPU
		{073AD301-5CB3-487E-9C7C-9F9C8EA1EB13}.Release|iPhoneSimulator.ActiveCfg = Release|Any CPU
		{073AD301-5CB3-487E-9C7C-9F9C8EA1EB13}.Release|iPhoneSimulator.Build.0 = Release|Any CPU
		{073AD301-5CB3-487E-9C7C-9F9C8EA1EB13}.Debug|iPhone.ActiveCfg = Debug|Any CPU
		{073AD301-5CB3-487E-9C7C-9F9C8EA1EB13}.Debug|iPhone.Build.0 = Debug|Any CPU
	EndGlobalSection
	GlobalSection(NestedProjects) = preSolution
		{0C6DB2F5-C7C8-4747-84C1-8D38EA658C1B} = {47039BAE-B90F-4428-AC70-D868820242F2}
		{073AD301-5CB3-487E-9C7C-9F9C8EA1EB13} = {F14CBA07-9B1D-4A3C-8727-B0AD9BB8C8B1}
	EndGlobalSection
EndGlobal
